// !$*UTF8*$!
{
	archiveVersion = 1;
	classes = {
	};
	objectVersion = 51;
	objects = {

/* Begin PBXBuildFile section */
		241FAB0CAF8F86305A1D1856 /* Pods_Parstagram.framework in Frameworks */ = {isa = PBXBuildFile; fileRef = 198A84263D80CCB0B0B4644C /* Pods_Parstagram.framework */; };
		6F859DBF2407768B00561ECB /* AppDelegate.swift in Sources */ = {isa = PBXBuildFile; fileRef = 6F859DBE2407768B00561ECB /* AppDelegate.swift */; };
		6F859DC42407768B00561ECB /* Main.storyboard in Resources */ = {isa = PBXBuildFile; fileRef = 6F859DC22407768B00561ECB /* Main.storyboard */; };
		6F859DC62407768D00561ECB /* Assets.xcassets in Resources */ = {isa = PBXBuildFile; fileRef = 6F859DC52407768D00561ECB /* Assets.xcassets */; };
		6F859DC92407768D00561ECB /* LaunchScreen.storyboard in Resources */ = {isa = PBXBuildFile; fileRef = 6F859DC72407768D00561ECB /* LaunchScreen.storyboard */; };
		6F859DD42407768D00561ECB /* ParstagramTests.swift in Sources */ = {isa = PBXBuildFile; fileRef = 6F859DD32407768D00561ECB /* ParstagramTests.swift */; };
		6F859DDF2407768D00561ECB /* ParstagramUITests.swift in Sources */ = {isa = PBXBuildFile; fileRef = 6F859DDE2407768D00561ECB /* ParstagramUITests.swift */; };
		6F859DED24077AAA00561ECB /* LoginViewController.swift in Sources */ = {isa = PBXBuildFile; fileRef = 6F859DEC24077AAA00561ECB /* LoginViewController.swift */; };
		6F859DEF24077AB600561ECB /* FeedViewController.swift in Sources */ = {isa = PBXBuildFile; fileRef = 6F859DEE24077AB600561ECB /* FeedViewController.swift */; };
		6F859DF124078E6000561ECB /* cameraViewController.swift in Sources */ = {isa = PBXBuildFile; fileRef = 6F859DF024078E6000561ECB /* cameraViewController.swift */; };
		6F859DF32407991900561ECB /* PostCell.swift in Sources */ = {isa = PBXBuildFile; fileRef = 6F859DF22407991900561ECB /* PostCell.swift */; };
		6F859DF524079E1800561ECB /* Default-568h@2x.png in Resources */ = {isa = PBXBuildFile; fileRef = 6F859DF424079E1800561ECB /* Default-568h@2x.png */; };
		6F859DF72410D81100561ECB /* CommentCell.swift in Sources */ = {isa = PBXBuildFile; fileRef = 6F859DF62410D81100561ECB /* CommentCell.swift */; };
		AF65AC206399A713468D146F /* Pods_ParstagramTests.framework in Frameworks */ = {isa = PBXBuildFile; fileRef = 9A2530AD6F1061183A151DF5 /* Pods_ParstagramTests.framework */; };
		DCB2678A26D5103A2065DE0C /* Pods_ParstagramUITests.framework in Frameworks */ = {isa = PBXBuildFile; fileRef = AD7C3F5F24384AADE46718BC /* Pods_ParstagramUITests.framework */; };
/* End PBXBuildFile section */

/* Begin PBXContainerItemProxy section */
		6F859DD02407768D00561ECB /* PBXContainerItemProxy */ = {
			isa = PBXContainerItemProxy;
			containerPortal = 6F859DB32407768B00561ECB /* Project object */;
			proxyType = 1;
			remoteGlobalIDString = 6F859DBA2407768B00561ECB;
			remoteInfo = Parstagram;
		};
		6F859DDB2407768D00561ECB /* PBXContainerItemProxy */ = {
			isa = PBXContainerItemProxy;
			containerPortal = 6F859DB32407768B00561ECB /* Project object */;
			proxyType = 1;
			remoteGlobalIDString = 6F859DBA2407768B00561ECB;
			remoteInfo = Parstagram;
		};
/* End PBXContainerItemProxy section */

/* Begin PBXFileReference section */
		198A84263D80CCB0B0B4644C /* Pods_Parstagram.framework */ = {isa = PBXFileReference; explicitFileType = wrapper.framework; includeInIndex = 0; path = Pods_Parstagram.framework; sourceTree = BUILT_PRODUCTS_DIR; };
		19A164DB046C3A01C65662B9 /* Pods-ParstagramUITests.release.xcconfig */ = {isa = PBXFileReference; includeInIndex = 1; lastKnownFileType = text.xcconfig; name = "Pods-ParstagramUITests.release.xcconfig"; path = "Target Support Files/Pods-ParstagramUITests/Pods-ParstagramUITests.release.xcconfig"; sourceTree = "<group>"; };
		1EC1079AA085A0AF3C29779F /* Pods-Parstagram.release.xcconfig */ = {isa = PBXFileReference; includeInIndex = 1; lastKnownFileType = text.xcconfig; name = "Pods-Parstagram.release.xcconfig"; path = "Target Support Files/Pods-Parstagram/Pods-Parstagram.release.xcconfig"; sourceTree = "<group>"; };
		247FCD45271B063250A8F7E5 /* Pods-ParstagramTests.release.xcconfig */ = {isa = PBXFileReference; includeInIndex = 1; lastKnownFileType = text.xcconfig; name = "Pods-ParstagramTests.release.xcconfig"; path = "Target Support Files/Pods-ParstagramTests/Pods-ParstagramTests.release.xcconfig"; sourceTree = "<group>"; };
		6F859DBB2407768B00561ECB /* Parstagram.app */ = {isa = PBXFileReference; explicitFileType = wrapper.application; includeInIndex = 0; path = Parstagram.app; sourceTree = BUILT_PRODUCTS_DIR; };
		6F859DBE2407768B00561ECB /* AppDelegate.swift */ = {isa = PBXFileReference; lastKnownFileType = sourcecode.swift; path = AppDelegate.swift; sourceTree = "<group>"; };
		6F859DC32407768B00561ECB /* Base */ = {isa = PBXFileReference; lastKnownFileType = file.storyboard; name = Base; path = Base.lproj/Main.storyboard; sourceTree = "<group>"; };
		6F859DC52407768D00561ECB /* Assets.xcassets */ = {isa = PBXFileReference; lastKnownFileType = folder.assetcatalog; path = Assets.xcassets; sourceTree = "<group>"; };
		6F859DC82407768D00561ECB /* Base */ = {isa = PBXFileReference; lastKnownFileType = file.storyboard; name = Base; path = Base.lproj/LaunchScreen.storyboard; sourceTree = "<group>"; };
		6F859DCA2407768D00561ECB /* Info.plist */ = {isa = PBXFileReference; lastKnownFileType = text.plist.xml; path = Info.plist; sourceTree = "<group>"; };
		6F859DCF2407768D00561ECB /* ParstagramTests.xctest */ = {isa = PBXFileReference; explicitFileType = wrapper.cfbundle; includeInIndex = 0; path = ParstagramTests.xctest; sourceTree = BUILT_PRODUCTS_DIR; };
		6F859DD32407768D00561ECB /* ParstagramTests.swift */ = {isa = PBXFileReference; lastKnownFileType = sourcecode.swift; path = ParstagramTests.swift; sourceTree = "<group>"; };
		6F859DD52407768D00561ECB /* Info.plist */ = {isa = PBXFileReference; lastKnownFileType = text.plist.xml; path = Info.plist; sourceTree = "<group>"; };
		6F859DDA2407768D00561ECB /* ParstagramUITests.xctest */ = {isa = PBXFileReference; explicitFileType = wrapper.cfbundle; includeInIndex = 0; path = ParstagramUITests.xctest; sourceTree = BUILT_PRODUCTS_DIR; };
		6F859DDE2407768D00561ECB /* ParstagramUITests.swift */ = {isa = PBXFileReference; lastKnownFileType = sourcecode.swift; path = ParstagramUITests.swift; sourceTree = "<group>"; };
		6F859DE02407768D00561ECB /* Info.plist */ = {isa = PBXFileReference; lastKnownFileType = text.plist.xml; path = Info.plist; sourceTree = "<group>"; };
		6F859DEC24077AAA00561ECB /* LoginViewController.swift */ = {isa = PBXFileReference; lastKnownFileType = sourcecode.swift; path = LoginViewController.swift; sourceTree = "<group>"; };
		6F859DEE24077AB600561ECB /* FeedViewController.swift */ = {isa = PBXFileReference; lastKnownFileType = sourcecode.swift; path = FeedViewController.swift; sourceTree = "<group>"; };
		6F859DF024078E6000561ECB /* cameraViewController.swift */ = {isa = PBXFileReference; lastKnownFileType = sourcecode.swift; path = cameraViewController.swift; sourceTree = "<group>"; };
		6F859DF22407991900561ECB /* PostCell.swift */ = {isa = PBXFileReference; lastKnownFileType = sourcecode.swift; path = PostCell.swift; sourceTree = "<group>"; };
		6F859DF424079E1800561ECB /* Default-568h@2x.png */ = {isa = PBXFileReference; lastKnownFileType = image.png; path = "Default-568h@2x.png"; sourceTree = "<group>"; };
		6F859DF62410D81100561ECB /* CommentCell.swift */ = {isa = PBXFileReference; lastKnownFileType = sourcecode.swift; path = CommentCell.swift; sourceTree = "<group>"; };
		8507A82233621695693E8477 /* Pods-Parstagram.debug.xcconfig */ = {isa = PBXFileReference; includeInIndex = 1; lastKnownFileType = text.xcconfig; name = "Pods-Parstagram.debug.xcconfig"; path = "Target Support Files/Pods-Parstagram/Pods-Parstagram.debug.xcconfig"; sourceTree = "<group>"; };
		90C93DEA7D29B55CD8113356 /* Pods-ParstagramTests.debug.xcconfig */ = {isa = PBXFileReference; includeInIndex = 1; lastKnownFileType = text.xcconfig; name = "Pods-ParstagramTests.debug.xcconfig"; path = "Target Support Files/Pods-ParstagramTests/Pods-ParstagramTests.debug.xcconfig"; sourceTree = "<group>"; };
		94EF364806EA040F2265180D /* Pods-ParstagramUITests.debug.xcconfig */ = {isa = PBXFileReference; includeInIndex = 1; lastKnownFileType = text.xcconfig; name = "Pods-ParstagramUITests.debug.xcconfig"; path = "Target Support Files/Pods-ParstagramUITests/Pods-ParstagramUITests.debug.xcconfig"; sourceTree = "<group>"; };
		9A2530AD6F1061183A151DF5 /* Pods_ParstagramTests.framework */ = {isa = PBXFileReference; explicitFileType = wrapper.framework; includeInIndex = 0; path = Pods_ParstagramTests.framework; sourceTree = BUILT_PRODUCTS_DIR; };
		AD7C3F5F24384AADE46718BC /* Pods_ParstagramUITests.framework */ = {isa = PBXFileReference; explicitFileType = wrapper.framework; includeInIndex = 0; path = Pods_ParstagramUITests.framework; sourceTree = BUILT_PRODUCTS_DIR; };
/* End PBXFileReference section */

/* Begin PBXFrameworksBuildPhase section */
		6F859DB82407768B00561ECB /* Frameworks */ = {
			isa = PBXFrameworksBuildPhase;
			buildActionMask = 2147483647;
			files = (
				241FAB0CAF8F86305A1D1856 /* Pods_Parstagram.framework in Frameworks */,
			);
			runOnlyForDeploymentPostprocessing = 0;
		};
		6F859DCC2407768D00561ECB /* Frameworks */ = {
			isa = PBXFrameworksBuildPhase;
			buildActionMask = 2147483647;
			files = (
				AF65AC206399A713468D146F /* Pods_ParstagramTests.framework in Frameworks */,
			);
			runOnlyForDeploymentPostprocessing = 0;
		};
		6F859DD72407768D00561ECB /* Frameworks */ = {
			isa = PBXFrameworksBuildPhase;
			buildActionMask = 2147483647;
			files = (
				DCB2678A26D5103A2065DE0C /* Pods_ParstagramUITests.framework in Frameworks */,
			);
			runOnlyForDeploymentPostprocessing = 0;
		};
/* End PBXFrameworksBuildPhase section */

/* Begin PBXGroup section */
		33B42D52E8C0E06DB17F6B7D /* Frameworks */ = {
			isa = PBXGroup;
			children = (
				198A84263D80CCB0B0B4644C /* Pods_Parstagram.framework */,
				9A2530AD6F1061183A151DF5 /* Pods_ParstagramTests.framework */,
				AD7C3F5F24384AADE46718BC /* Pods_ParstagramUITests.framework */,
			);
			name = Frameworks;
			sourceTree = "<group>";
		};
		6F859DB22407768B00561ECB = {
			isa = PBXGroup;
			children = (
				6F859DF424079E1800561ECB /* Default-568h@2x.png */,
				6F859DBD2407768B00561ECB /* Parstagram */,
				6F859DD22407768D00561ECB /* ParstagramTests */,
				6F859DDD2407768D00561ECB /* ParstagramUITests */,
				6F859DBC2407768B00561ECB /* Products */,
				BD79781CF53B4B561944A1D0 /* Pods */,
				33B42D52E8C0E06DB17F6B7D /* Frameworks */,
			);
			sourceTree = "<group>";
		};
		6F859DBC2407768B00561ECB /* Products */ = {
			isa = PBXGroup;
			children = (
				6F859DBB2407768B00561ECB /* Parstagram.app */,
				6F859DCF2407768D00561ECB /* ParstagramTests.xctest */,
				6F859DDA2407768D00561ECB /* ParstagramUITests.xctest */,
			);
			name = Products;
			sourceTree = "<group>";
		};
		6F859DBD2407768B00561ECB /* Parstagram */ = {
			isa = PBXGroup;
			children = (
				6F859DBE2407768B00561ECB /* AppDelegate.swift */,
				6F859DC22407768B00561ECB /* Main.storyboard */,
				6F859DC52407768D00561ECB /* Assets.xcassets */,
				6F859DC72407768D00561ECB /* LaunchScreen.storyboard */,
				6F859DCA2407768D00561ECB /* Info.plist */,
				6F859DEC24077AAA00561ECB /* LoginViewController.swift */,
				6F859DEE24077AB600561ECB /* FeedViewController.swift */,
				6F859DF024078E6000561ECB /* cameraViewController.swift */,
				6F859DF22407991900561ECB /* PostCell.swift */,
				6F859DF62410D81100561ECB /* CommentCell.swift */,
			);
			path = Parstagram;
			sourceTree = "<group>";
		};
		6F859DD22407768D00561ECB /* ParstagramTests */ = {
			isa = PBXGroup;
			children = (
				6F859DD32407768D00561ECB /* ParstagramTests.swift */,
				6F859DD52407768D00561ECB /* Info.plist */,
			);
			path = ParstagramTests;
			sourceTree = "<group>";
		};
		6F859DDD2407768D00561ECB /* ParstagramUITests */ = {
			isa = PBXGroup;
			children = (
				6F859DDE2407768D00561ECB /* ParstagramUITests.swift */,
				6F859DE02407768D00561ECB /* Info.plist */,
			);
			path = ParstagramUITests;
			sourceTree = "<group>";
		};
		BD79781CF53B4B561944A1D0 /* Pods */ = {
			isa = PBXGroup;
			children = (
				8507A82233621695693E8477 /* Pods-Parstagram.debug.xcconfig */,
				1EC1079AA085A0AF3C29779F /* Pods-Parstagram.release.xcconfig */,
				90C93DEA7D29B55CD8113356 /* Pods-ParstagramTests.debug.xcconfig */,
				247FCD45271B063250A8F7E5 /* Pods-ParstagramTests.release.xcconfig */,
				94EF364806EA040F2265180D /* Pods-ParstagramUITests.debug.xcconfig */,
				19A164DB046C3A01C65662B9 /* Pods-ParstagramUITests.release.xcconfig */,
			);
			path = Pods;
			sourceTree = "<group>";
		};
/* End PBXGroup section */

/* Begin PBXNativeTarget section */
		6F859DBA2407768B00561ECB /* Parstagram */ = {
			isa = PBXNativeTarget;
			buildConfigurationList = 6F859DE32407768D00561ECB /* Build configuration list for PBXNativeTarget "Parstagram" */;
			buildPhases = (
				DFFF26952195B6033C79876F /* [CP] Check Pods Manifest.lock */,
				6F859DB72407768B00561ECB /* Sources */,
				6F859DB82407768B00561ECB /* Frameworks */,
				6F859DB92407768B00561ECB /* Resources */,
				E8962D45E269290B3559C024 /* [CP] Embed Pods Frameworks */,
			);
			buildRules = (
			);
			dependencies = (
			);
			name = Parstagram;
			productName = Parstagram;
			productReference = 6F859DBB2407768B00561ECB /* Parstagram.app */;
			productType = "com.apple.product-type.application";
		};
		6F859DCE2407768D00561ECB /* ParstagramTests */ = {
			isa = PBXNativeTarget;
			buildConfigurationList = 6F859DE62407768D00561ECB /* Build configuration list for PBXNativeTarget "ParstagramTests" */;
			buildPhases = (
				81962BA30F7E8E4239CFDFC1 /* [CP] Check Pods Manifest.lock */,
				6F859DCB2407768D00561ECB /* Sources */,
				6F859DCC2407768D00561ECB /* Frameworks */,
				6F859DCD2407768D00561ECB /* Resources */,
			);
			buildRules = (
			);
			dependencies = (
				6F859DD12407768D00561ECB /* PBXTargetDependency */,
			);
			name = ParstagramTests;
			productName = ParstagramTests;
			productReference = 6F859DCF2407768D00561ECB /* ParstagramTests.xctest */;
			productType = "com.apple.product-type.bundle.unit-test";
		};
		6F859DD92407768D00561ECB /* ParstagramUITests */ = {
			isa = PBXNativeTarget;
			buildConfigurationList = 6F859DE92407768D00561ECB /* Build configuration list for PBXNativeTarget "ParstagramUITests" */;
			buildPhases = (
				EE7420E8293FB6A245B7CDCC /* [CP] Check Pods Manifest.lock */,
				6F859DD62407768D00561ECB /* Sources */,
				6F859DD72407768D00561ECB /* Frameworks */,
				6F859DD82407768D00561ECB /* Resources */,
			);
			buildRules = (
			);
			dependencies = (
				6F859DDC2407768D00561ECB /* PBXTargetDependency */,
			);
			name = ParstagramUITests;
			productName = ParstagramUITests;
			productReference = 6F859DDA2407768D00561ECB /* ParstagramUITests.xctest */;
			productType = "com.apple.product-type.bundle.ui-testing";
		};
/* End PBXNativeTarget section */

/* Begin PBXProject section */
		6F859DB32407768B00561ECB /* Project object */ = {
			isa = PBXProject;
			attributes = {
				LastSwiftUpdateCheck = 1010;
				LastUpgradeCheck = 1010;
				ORGANIZATIONNAME = eventFind;
				TargetAttributes = {
					6F859DBA2407768B00561ECB = {
						CreatedOnToolsVersion = 10.1;
					};
					6F859DCE2407768D00561ECB = {
						CreatedOnToolsVersion = 10.1;
						TestTargetID = 6F859DBA2407768B00561ECB;
					};
					6F859DD92407768D00561ECB = {
						CreatedOnToolsVersion = 10.1;
						TestTargetID = 6F859DBA2407768B00561ECB;
					};
				};
			};
			buildConfigurationList = 6F859DB62407768B00561ECB /* Build configuration list for PBXProject "Parstagram" */;
			compatibilityVersion = "Xcode 9.3";
			developmentRegion = en;
			hasScannedForEncodings = 0;
			knownRegions = (
				en,
				Base,
			);
			mainGroup = 6F859DB22407768B00561ECB;
			productRefGroup = 6F859DBC2407768B00561ECB /* Products */;
			projectDirPath = "";
			projectRoot = "";
			targets = (
				6F859DBA2407768B00561ECB /* Parstagram */,
				6F859DCE2407768D00561ECB /* ParstagramTests */,
				6F859DD92407768D00561ECB /* ParstagramUITests */,
			);
		};
/* End PBXProject section */

/* Begin PBXResourcesBuildPhase section */
		6F859DB92407768B00561ECB /* Resources */ = {
			isa = PBXResourcesBuildPhase;
			buildActionMask = 2147483647;
			files = (
				6F859DC92407768D00561ECB /* LaunchScreen.storyboard in Resources */,
				6F859DF524079E1800561ECB /* Default-568h@2x.png in Resources */,
				6F859DC62407768D00561ECB /* Assets.xcassets in Resources */,
				6F859DC42407768B00561ECB /* Main.storyboard in Resources */,
			);
			runOnlyForDeploymentPostprocessing = 0;
		};
		6F859DCD2407768D00561ECB /* Resources */ = {
			isa = PBXResourcesBuildPhase;
			buildActionMask = 2147483647;
			files = (
			);
			runOnlyForDeploymentPostprocessing = 0;
		};
		6F859DD82407768D00561ECB /* Resources */ = {
			isa = PBXResourcesBuildPhase;
			buildActionMask = 2147483647;
			files = (
			);
			runOnlyForDeploymentPostprocessing = 0;
		};
/* End PBXResourcesBuildPhase section */

/* Begin PBXShellScriptBuildPhase section */
		81962BA30F7E8E4239CFDFC1 /* [CP] Check Pods Manifest.lock */ = {
			isa = PBXShellScriptBuildPhase;
			buildActionMask = 2147483647;
			files = (
			);
			inputFileListPaths = (
			);
			inputPaths = (
				"${PODS_PODFILE_DIR_PATH}/Podfile.lock",
				"${PODS_ROOT}/Manifest.lock",
			);
			name = "[CP] Check Pods Manifest.lock";
			outputFileListPaths = (
			);
			outputPaths = (
				"$(DERIVED_FILE_DIR)/Pods-ParstagramTests-checkManifestLockResult.txt",
			);
			runOnlyForDeploymentPostprocessing = 0;
			shellPath = /bin/sh;
			shellScript = "diff \"${PODS_PODFILE_DIR_PATH}/Podfile.lock\" \"${PODS_ROOT}/Manifest.lock\" > /dev/null\nif [ $? != 0 ] ; then\n    # print error to STDERR\n    echo \"error: The sandbox is not in sync with the Podfile.lock. Run 'pod install' or update your CocoaPods installation.\" >&2\n    exit 1\nfi\n# This output is used by Xcode 'outputs' to avoid re-running this script phase.\necho \"SUCCESS\" > \"${SCRIPT_OUTPUT_FILE_0}\"\n";
			showEnvVarsInLog = 0;
		};
		DFFF26952195B6033C79876F /* [CP] Check Pods Manifest.lock */ = {
			isa = PBXShellScriptBuildPhase;
			buildActionMask = 2147483647;
			files = (
			);
			inputFileListPaths = (
			);
			inputPaths = (
				"${PODS_PODFILE_DIR_PATH}/Podfile.lock",
				"${PODS_ROOT}/Manifest.lock",
			);
			name = "[CP] Check Pods Manifest.lock";
			outputFileListPaths = (
			);
			outputPaths = (
				"$(DERIVED_FILE_DIR)/Pods-Parstagram-checkManifestLockResult.txt",
			);
			runOnlyForDeploymentPostprocessing = 0;
			shellPath = /bin/sh;
			shellScript = "diff \"${PODS_PODFILE_DIR_PATH}/Podfile.lock\" \"${PODS_ROOT}/Manifest.lock\" > /dev/null\nif [ $? != 0 ] ; then\n    # print error to STDERR\n    echo \"error: The sandbox is not in sync with the Podfile.lock. Run 'pod install' or update your CocoaPods installation.\" >&2\n    exit 1\nfi\n# This output is used by Xcode 'outputs' to avoid re-running this script phase.\necho \"SUCCESS\" > \"${SCRIPT_OUTPUT_FILE_0}\"\n";
			showEnvVarsInLog = 0;
		};
		E8962D45E269290B3559C024 /* [CP] Embed Pods Frameworks */ = {
			isa = PBXShellScriptBuildPhase;
			buildActionMask = 2147483647;
			files = (
			);
			inputFileListPaths = (
				"${PODS_ROOT}/Target Support Files/Pods-Parstagram/Pods-Parstagram-frameworks-${CONFIGURATION}-input-files.xcfilelist",
			);
			name = "[CP] Embed Pods Frameworks";
			outputFileListPaths = (
				"${PODS_ROOT}/Target Support Files/Pods-Parstagram/Pods-Parstagram-frameworks-${CONFIGURATION}-output-files.xcfilelist",
			);
			runOnlyForDeploymentPostprocessing = 0;
			shellPath = /bin/sh;
			shellScript = "\"${PODS_ROOT}/Target Support Files/Pods-Parstagram/Pods-Parstagram-frameworks.sh\"\n";
			showEnvVarsInLog = 0;
		};
		EE7420E8293FB6A245B7CDCC /* [CP] Check Pods Manifest.lock */ = {
			isa = PBXShellScriptBuildPhase;
			buildActionMask = 2147483647;
			files = (
			);
			inputFileListPaths = (
			);
			inputPaths = (
				"${PODS_PODFILE_DIR_PATH}/Podfile.lock",
				"${PODS_ROOT}/Manifest.lock",
			);
			name = "[CP] Check Pods Manifest.lock";
			outputFileListPaths = (
			);
			outputPaths = (
				"$(DERIVED_FILE_DIR)/Pods-ParstagramUITests-checkManifestLockResult.txt",
			);
			runOnlyForDeploymentPostprocessing = 0;
			shellPath = /bin/sh;
			shellScript = "diff \"${PODS_PODFILE_DIR_PATH}/Podfile.lock\" \"${PODS_ROOT}/Manifest.lock\" > /dev/null\nif [ $? != 0 ] ; then\n    # print error to STDERR\n    echo \"error: The sandbox is not in sync with the Podfile.lock. Run 'pod install' or update your CocoaPods installation.\" >&2\n    exit 1\nfi\n# This output is used by Xcode 'outputs' to avoid re-running this script phase.\necho \"SUCCESS\" > \"${SCRIPT_OUTPUT_FILE_0}\"\n";
			showEnvVarsInLog = 0;
		};
/* End PBXShellScriptBuildPhase section */

/* Begin PBXSourcesBuildPhase section */
		6F859DB72407768B00561ECB /* Sources */ = {
			isa = PBXSourcesBuildPhase;
			buildActionMask = 2147483647;
			files = (
				6F859DED24077AAA00561ECB /* LoginViewController.swift in Sources */,
				6F859DF124078E6000561ECB /* cameraViewController.swift in Sources */,
				6F859DEF24077AB600561ECB /* FeedViewController.swift in Sources */,
				6F859DBF2407768B00561ECB /* AppDelegate.swift in Sources */,
				6F859DF32407991900561ECB /* PostCell.swift in Sources */,
				6F859DF72410D81100561ECB /* CommentCell.swift in Sources */,
			);
			runOnlyForDeploymentPostprocessing = 0;
		};
		6F859DCB2407768D00561ECB /* Sources */ = {
			isa = PBXSourcesBuildPhase;
			buildActionMask = 2147483647;
			files = (
				6F859DD42407768D00561ECB /* ParstagramTests.swift in Sources */,
			);
			runOnlyForDeploymentPostprocessing = 0;
		};
		6F859DD62407768D00561ECB /* Sources */ = {
			isa = PBXSourcesBuildPhase;
			buildActionMask = 2147483647;
			files = (
				6F859DDF2407768D00561ECB /* ParstagramUITests.swift in Sources */,
			);
			runOnlyForDeploymentPostprocessing = 0;
		};
/* End PBXSourcesBuildPhase section */

/* Begin PBXTargetDependency section */
		6F859DD12407768D00561ECB /* PBXTargetDependency */ = {
			isa = PBXTargetDependency;
			target = 6F859DBA2407768B00561ECB /* Parstagram */;
			targetProxy = 6F859DD02407768D00561ECB /* PBXContainerItemProxy */;
		};
		6F859DDC2407768D00561ECB /* PBXTargetDependency */ = {
			isa = PBXTargetDependency;
			target = 6F859DBA2407768B00561ECB /* Parstagram */;
			targetProxy = 6F859DDB2407768D00561ECB /* PBXContainerItemProxy */;
		};
/* End PBXTargetDependency section */

/* Begin PBXVariantGroup section */
		6F859DC22407768B00561ECB /* Main.storyboard */ = {
			isa = PBXVariantGroup;
			children = (
				6F859DC32407768B00561ECB /* Base */,
			);
			name = Main.storyboard;
			sourceTree = "<group>";
		};
		6F859DC72407768D00561ECB /* LaunchScreen.storyboard */ = {
			isa = PBXVariantGroup;
			children = (
				6F859DC82407768D00561ECB /* Base */,
			);
			name = LaunchScreen.storyboard;
			sourceTree = "<group>";
		};
/* End PBXVariantGroup section */

/* Begin XCBuildConfiguration section */
		6F859DE12407768D00561ECB /* Debug */ = {
			isa = XCBuildConfiguration;
			buildSettings = {
				ALWAYS_SEARCH_USER_PATHS = NO;
				CLANG_ANALYZER_NONNULL = YES;
				CLANG_ANALYZER_NUMBER_OBJECT_CONVERSION = YES_AGGRESSIVE;
				CLANG_CXX_LANGUAGE_STANDARD = "gnu++14";
				CLANG_CXX_LIBRARY = "libc++";
				CLANG_ENABLE_MODULES = YES;
				CLANG_ENABLE_OBJC_ARC = YES;
				CLANG_ENABLE_OBJC_WEAK = YES;
				CLANG_WARN_BLOCK_CAPTURE_AUTORELEASING = YES;
				CLANG_WARN_BOOL_CONVERSION = YES;
				CLANG_WARN_COMMA = YES;
				CLANG_WARN_CONSTANT_CONVERSION = YES;
				CLANG_WARN_DEPRECATED_OBJC_IMPLEMENTATIONS = YES;
				CLANG_WARN_DIRECT_OBJC_ISA_USAGE = YES_ERROR;
				CLANG_WARN_DOCUMENTATION_COMMENTS = YES;
				CLANG_WARN_EMPTY_BODY = YES;
				CLANG_WARN_ENUM_CONVERSION = YES;
				CLANG_WARN_INFINITE_RECURSION = YES;
				CLANG_WARN_INT_CONVERSION = YES;
				CLANG_WARN_NON_LITERAL_NULL_CONVERSION = YES;
				CLANG_WARN_OBJC_IMPLICIT_RETAIN_SELF = YES;
				CLANG_WARN_OBJC_LITERAL_CONVERSION = YES;
				CLANG_WARN_OBJC_ROOT_CLASS = YES_ERROR;
				CLANG_WARN_RANGE_LOOP_ANALYSIS = YES;
				CLANG_WARN_STRICT_PROTOTYPES = YES;
				CLANG_WARN_SUSPICIOUS_MOVE = YES;
				CLANG_WARN_UNGUARDED_AVAILABILITY = YES_AGGRESSIVE;
				CLANG_WARN_UNREACHABLE_CODE = YES;
				CLANG_WARN__DUPLICATE_METHOD_MATCH = YES;
				CODE_SIGN_IDENTITY = "iPhone Developer";
				COPY_PHASE_STRIP = NO;
				DEBUG_INFORMATION_FORMAT = dwarf;
				ENABLE_STRICT_OBJC_MSGSEND = YES;
				ENABLE_TESTABILITY = YES;
				GCC_C_LANGUAGE_STANDARD = gnu11;
				GCC_DYNAMIC_NO_PIC = NO;
				GCC_NO_COMMON_BLOCKS = YES;
				GCC_OPTIMIZATION_LEVEL = 0;
				GCC_PREPROCESSOR_DEFINITIONS = (
					"DEBUG=1",
					"$(inherited)",
				);
				GCC_WARN_64_TO_32_BIT_CONVERSION = YES;
				GCC_WARN_ABOUT_RETURN_TYPE = YES_ERROR;
				GCC_WARN_UNDECLARED_SELECTOR = YES;
				GCC_WARN_UNINITIALIZED_AUTOS = YES_AGGRESSIVE;
				GCC_WARN_UNUSED_FUNCTION = YES;
				GCC_WARN_UNUSED_VARIABLE = YES;
				IPHONEOS_DEPLOYMENT_TARGET = 12.1;
				MTL_ENABLE_DEBUG_INFO = INCLUDE_SOURCE;
				MTL_FAST_MATH = YES;
				ONLY_ACTIVE_ARCH = YES;
				SDKROOT = iphoneos;
				SWIFT_ACTIVE_COMPILATION_CONDITIONS = DEBUG;
				SWIFT_OPTIMIZATION_LEVEL = "-Onone";
			};
			name = Debug;
		};
		6F859DE22407768D00561ECB /* Release */ = {
			isa = XCBuildConfiguration;
			buildSettings = {
				ALWAYS_SEARCH_USER_PATHS = NO;
				CLANG_ANALYZER_NONNULL = YES;
				CLANG_ANALYZER_NUMBER_OBJECT_CONVERSION = YES_AGGRESSIVE;
				CLANG_CXX_LANGUAGE_STANDARD = "gnu++14";
				CLANG_CXX_LIBRARY = "libc++";
				CLANG_ENABLE_MODULES = YES;
				CLANG_ENABLE_OBJC_ARC = YES;
				CLANG_ENABLE_OBJC_WEAK = YES;
				CLANG_WARN_BLOCK_CAPTURE_AUTORELEASING = YES;
				CLANG_WARN_BOOL_CONVERSION = YES;
				CLANG_WARN_COMMA = YES;
				CLANG_WARN_CONSTANT_CONVERSION = YES;
				CLANG_WARN_DEPRECATED_OBJC_IMPLEMENTATIONS = YES;
				CLANG_WARN_DIRECT_OBJC_ISA_USAGE = YES_ERROR;
				CLANG_WARN_DOCUMENTATION_COMMENTS = YES;
				CLANG_WARN_EMPTY_BODY = YES;
				CLANG_WARN_ENUM_CONVERSION = YES;
				CLANG_WARN_INFINITE_RECURSION = YES;
				CLANG_WARN_INT_CONVERSION = YES;
				CLANG_WARN_NON_LITERAL_NULL_CONVERSION = YES;
				CLANG_WARN_OBJC_IMPLICIT_RETAIN_SELF = YES;
				CLANG_WARN_OBJC_LITERAL_CONVERSION = YES;
				CLANG_WARN_OBJC_ROOT_CLASS = YES_ERROR;
				CLANG_WARN_RANGE_LOOP_ANALYSIS = YES;
				CLANG_WARN_STRICT_PROTOTYPES = YES;
				CLANG_WARN_SUSPICIOUS_MOVE = YES;
				CLANG_WARN_UNGUARDED_AVAILABILITY = YES_AGGRESSIVE;
				CLANG_WARN_UNREACHABLE_CODE = YES;
				CLANG_WARN__DUPLICATE_METHOD_MATCH = YES;
				CODE_SIGN_IDENTITY = "iPhone Developer";
				COPY_PHASE_STRIP = NO;
				DEBUG_INFORMATION_FORMAT = "dwarf-with-dsym";
				ENABLE_NS_ASSERTIONS = NO;
				ENABLE_STRICT_OBJC_MSGSEND = YES;
				GCC_C_LANGUAGE_STANDARD = gnu11;
				GCC_NO_COMMON_BLOCKS = YES;
				GCC_WARN_64_TO_32_BIT_CONVERSION = YES;
				GCC_WARN_ABOUT_RETURN_TYPE = YES_ERROR;
				GCC_WARN_UNDECLARED_SELECTOR = YES;
				GCC_WARN_UNINITIALIZED_AUTOS = YES_AGGRESSIVE;
				GCC_WARN_UNUSED_FUNCTION = YES;
				GCC_WARN_UNUSED_VARIABLE = YES;
				IPHONEOS_DEPLOYMENT_TARGET = 12.1;
				MTL_ENABLE_DEBUG_INFO = NO;
				MTL_FAST_MATH = YES;
				SDKROOT = iphoneos;
				SWIFT_COMPILATION_MODE = wholemodule;
				SWIFT_OPTIMIZATION_LEVEL = "-O";
				VALIDATE_PRODUCT = YES;
			};
			name = Release;
		};
		6F859DE42407768D00561ECB /* Debug */ = {
			isa = XCBuildConfiguration;
			baseConfigurationReference = 8507A82233621695693E8477 /* Pods-Parstagram.debug.xcconfig */;
			buildSettings = {
				ASSETCATALOG_COMPILER_APPICON_NAME = AppIcon;
				CODE_SIGN_STYLE = Automatic;
				DEVELOPMENT_TEAM = 799N9US7HR;
				INFOPLIST_FILE = Parstagram/Info.plist;
				LD_RUNPATH_SEARCH_PATHS = (
					"$(inherited)",
					"@executable_path/Frameworks",
				);
				PRODUCT_BUNDLE_IDENTIFIER = co.MubarekMussa.Parstagram;
				PRODUCT_NAME = "$(TARGET_NAME)";
				SWIFT_VERSION = 4.2;
				TARGETED_DEVICE_FAMILY = "1,2";
			};
			name = Debug;
		};
		6F859DE52407768D00561ECB /* Release */ = {
			isa = XCBuildConfiguration;
			baseConfigurationReference = 1EC1079AA085A0AF3C29779F /* Pods-Parstagram.release.xcconfig */;
			buildSettings = {
				ASSETCATALOG_COMPILER_APPICON_NAME = AppIcon;
				CODE_SIGN_STYLE = Automatic;
				DEVELOPMENT_TEAM = 799N9US7HR;
				INFOPLIST_FILE = Parstagram/Info.plist;
				LD_RUNPATH_SEARCH_PATHS = (
					"$(inherited)",
					"@executable_path/Frameworks",
				);
				PRODUCT_BUNDLE_IDENTIFIER = co.MubarekMussa.Parstagram;
				PRODUCT_NAME = "$(TARGET_NAME)";
				SWIFT_VERSION = 4.2;
				TARGETED_DEVICE_FAMILY = "1,2";
			};
			name = Release;
		};
		6F859DE72407768D00561ECB /* Debug */ = {
			isa = XCBuildConfiguration;
			baseConfigurationReference = 90C93DEA7D29B55CD8113356 /* Pods-ParstagramTests.debug.xcconfig */;
			buildSettings = {
				ALWAYS_EMBED_SWIFT_STANDARD_LIBRARIES = YES;
				BUNDLE_LOADER = "$(TEST_HOST)";
				CODE_SIGN_STYLE = Automatic;
				INFOPLIST_FILE = ParstagramTests/Info.plist;
				LD_RUNPATH_SEARCH_PATHS = (
					"$(inherited)",
					"@executable_path/Frameworks",
					"@loader_path/Frameworks",
				);
				PRODUCT_BUNDLE_IDENTIFIER = co.MubarekMussa.ParstagramTests;
				PRODUCT_NAME = "$(TARGET_NAME)";
				SWIFT_VERSION = 4.2;
				TARGETED_DEVICE_FAMILY = "1,2";
				TEST_HOST = "$(BUILT_PRODUCTS_DIR)/Parstagram.app/Parstagram";
			};
			name = Debug;
		};
		6F859DE82407768D00561ECB /* Release */ = {
			isa = XCBuildConfiguration;
			baseConfigurationReference = 247FCD45271B063250A8F7E5 /* Pods-ParstagramTests.release.xcconfig */;
			buildSettings = {
				ALWAYS_EMBED_SWIFT_STANDARD_LIBRARIES = YES;
				BUNDLE_LOADER = "$(TEST_HOST)";
				CODE_SIGN_STYLE = Automatic;
				INFOPLIST_FILE = ParstagramTests/Info.plist;
				LD_RUNPATH_SEARCH_PATHS = (
					"$(inherited)",
					"@executable_path/Frameworks",
					"@loader_path/Frameworks",
				);
				PRODUCT_BUNDLE_IDENTIFIER = co.MubarekMussa.ParstagramTests;
				PRODUCT_NAME = "$(TARGET_NAME)";
				SWIFT_VERSION = 4.2;
				TARGETED_DEVICE_FAMILY = "1,2";
				TEST_HOST = "$(BUILT_PRODUCTS_DIR)/Parstagram.app/Parstagram";
			};
			name = Release;
		};
		6F859DEA2407768D00561ECB /* Debug */ = {
			isa = XCBuildConfiguration;
			baseConfigurationReference = 94EF364806EA040F2265180D /* Pods-ParstagramUITests.debug.xcconfig */;
			buildSettings = {
				ALWAYS_EMBED_SWIFT_STANDARD_LIBRARIES = YES;
				CODE_SIGN_STYLE = Automatic;
				INFOPLIST_FILE = ParstagramUITests/Info.plist;
				LD_RUNPATH_SEARCH_PATHS = (
					"$(inherited)",
					"@executable_path/Frameworks",
					"@loader_path/Frameworks",
				);
				PRODUCT_BUNDLE_IDENTIFIER = co.MubarekMussa.ParstagramUITests;
				PRODUCT_NAME = "$(TARGET_NAME)";
				SWIFT_VERSION = 4.2;
				TARGETED_DEVICE_FAMILY = "1,2";
				TEST_TARGET_NAME = Parstagram;
			};
			name = Debug;
		};
		6F859DEB2407768D00561ECB /* Release */ = {
			isa = XCBuildConfiguration;
			baseConfigurationReference = 19A164DB046C3A01C65662B9 /* Pods-ParstagramUITests.release.xcconfig */;
			buildSettings = {
				ALWAYS_EMBED_SWIFT_STANDARD_LIBRARIES = YES;
				CODE_SIGN_STYLE = Automatic;
				INFOPLIST_FILE = ParstagramUITests/Info.plist;
				LD_RUNPATH_SEARCH_PATHS = (
					"$(inherited)",
					"@executable_path/Frameworks",
					"@loader_path/Frameworks",
				);
				PRODUCT_BUNDLE_IDENTIFIER = co.MubarekMussa.ParstagramUITests;
				PRODUCT_NAME = "$(TARGET_NAME)";
				SWIFT_VERSION = 4.2;
				TARGETED_DEVICE_FAMILY = "1,2";
				TEST_TARGET_NAME = Parstagram;
			};
			name = Release;
		};
/* End XCBuildConfiguration section */

/* Begin XCConfigurationList section */
		6F859DB62407768B00561ECB /* Build configuration list for PBXProject "Parstagram" */ = {
			isa = XCConfigurationList;
			buildConfigurations = (
				6F859DE12407768D00561ECB /* Debug */,
				6F859DE22407768D00561ECB /* Release */,
			);
			defaultConfigurationIsVisible = 0;
			defaultConfigurationName = Release;
		};
		6F859DE32407768D00561ECB /* Build configuration list for PBXNativeTarget "Parstagram" */ = {
			isa = XCConfigurationList;
			buildConfigurations = (
				6F859DE42407768D00561ECB /* Debug */,
				6F859DE52407768D00561ECB /* Release */,
			);
			defaultConfigurationIsVisible = 0;
			defaultConfigurationName = Release;
		};
		6F859DE62407768D00561ECB /* Build configuration list for PBXNativeTarget "ParstagramTests" */ = {
			isa = XCConfigurationList;
			buildConfigurations = (
				6F859DE72407768D00561ECB /* Debug */,
				6F859DE82407768D00561ECB /* Release */,
			);
			defaultConfigurationIsVisible = 0;
			defaultConfigurationName = Release;
		};
		6F859DE92407768D00561ECB /* Build configuration list for PBXNativeTarget "ParstagramUITests" */ = {
			isa = XCConfigurationList;
			buildConfigurations = (
				6F859DEA2407768D00561ECB /* Debug */,
				6F859DEB2407768D00561ECB /* Release */,
			);
			defaultConfigurationIsVisible = 0;
			defaultConfigurationName = Release;
		};
/* End XCConfigurationList section */
	};
	rootObject = 6F859DB32407768B00561ECB /* Project object */;
}
